// !$*UTF8*$!
{
	archiveVersion = 1;
	classes = {
	};
	objectVersion = 50;
	objects = {

/* Begin PBXBuildFile section */
		BB0431132262FB06006544A7 /* Calculate.swift in Sources */ = {isa = PBXBuildFile; fileRef = BB0431122262FB06006544A7 /* Calculate.swift */; };
		BB705EA222555CDB0062C52C /* AppDelegate.swift in Sources */ = {isa = PBXBuildFile; fileRef = BB705EA122555CDB0062C52C /* AppDelegate.swift */; };
		BB705EA422555CDB0062C52C /* ViewController.swift in Sources */ = {isa = PBXBuildFile; fileRef = BB705EA322555CDB0062C52C /* ViewController.swift */; };
		BB705EA722555CDB0062C52C /* Main.storyboard in Resources */ = {isa = PBXBuildFile; fileRef = BB705EA522555CDB0062C52C /* Main.storyboard */; };
		BB705EA922555CDB0062C52C /* Assets.xcassets in Resources */ = {isa = PBXBuildFile; fileRef = BB705EA822555CDB0062C52C /* Assets.xcassets */; };
		BB705EAC22555CDB0062C52C /* LaunchScreen.storyboard in Resources */ = {isa = PBXBuildFile; fileRef = BB705EAA22555CDB0062C52C /* LaunchScreen.storyboard */; };
/* End PBXBuildFile section */

/* Begin PBXFileReference section */
		BB0431122262FB06006544A7 /* Calculate.swift */ = {isa = PBXFileReference; lastKnownFileType = sourcecode.swift; path = Calculate.swift; sourceTree = "<group>"; };
		BB705E9E22555CDB0062C52C /* CalculatorAsPerBook.app */ = {isa = PBXFileReference; explicitFileType = wrapper.application; includeInIndex = 0; path = CalculatorAsPerBook.app; sourceTree = BUILT_PRODUCTS_DIR; };
		BB705EA122555CDB0062C52C /* AppDelegate.swift */ = {isa = PBXFileReference; lastKnownFileType = sourcecode.swift; path = AppDelegate.swift; sourceTree = "<group>"; };
		BB705EA322555CDB0062C52C /* ViewController.swift */ = {isa = PBXFileReference; lastKnownFileType = sourcecode.swift; path = ViewController.swift; sourceTree = "<group>"; };
		BB705EA622555CDB0062C52C /* Base */ = {isa = PBXFileReference; lastKnownFileType = file.storyboard; name = Base; path = Base.lproj/Main.storyboard; sourceTree = "<group>"; };
		BB705EA822555CDB0062C52C /* Assets.xcassets */ = {isa = PBXFileReference; lastKnownFileType = folder.assetcatalog; path = Assets.xcassets; sourceTree = "<group>"; };
		BB705EAB22555CDB0062C52C /* Base */ = {isa = PBXFileReference; lastKnownFileType = file.storyboard; name = Base; path = Base.lproj/LaunchScreen.storyboard; sourceTree = "<group>"; };
		BB705EAD22555CDB0062C52C /* Info.plist */ = {isa = PBXFileReference; lastKnownFileType = text.plist.xml; path = Info.plist; sourceTree = "<group>"; };
/* End PBXFileReference section */

/* Begin PBXFrameworksBuildPhase section */
		BB705E9B22555CDB0062C52C /* Frameworks */ = {
			isa = PBXFrameworksBuildPhase;
			buildActionMask = 2147483647;
			files = (
			);
			runOnlyForDeploymentPostprocessing = 0;
		};
/* End PBXFrameworksBuildPhase section */

/* Begin PBXGroup section */
		BB705E9522555CDB0062C52C = {
			isa = PBXGroup;
			children = (
				BB705EA022555CDB0062C52C /* CalculatorAsPerBook */,
				BB705E9F22555CDB0062C52C /* Products */,
			);
			sourceTree = "<group>";
		};
		BB705E9F22555CDB0062C52C /* Products */ = {
			isa = PBXGroup;
			children = (
				BB705E9E22555CDB0062C52C /* CalculatorAsPerBook.app */,
			);
			name = Products;
			sourceTree = "<group>";
		};
		BB705EA022555CDB0062C52C /* CalculatorAsPerBook */ = {
			isa = PBXGroup;
			children = (
				BB705EA122555CDB0062C52C /* AppDelegate.swift */,
				BB705EA322555CDB0062C52C /* ViewController.swift */,
				BB705EA522555CDB0062C52C /* Main.storyboard */,
				BB0431122262FB06006544A7 /* Calculate.swift */,
				BB705EA822555CDB0062C52C /* Assets.xcassets */,
				BB705EAA22555CDB0062C52C /* LaunchScreen.storyboard */,
				BB705EAD22555CDB0062C52C /* Info.plist */,
			);
			path = CalculatorAsPerBook;
			sourceTree = "<group>";
		};
/* End PBXGroup section */

/* Begin PBXNativeTarget section */
		BB705E9D22555CDB0062C52C /* CalculatorAsPerBook */ = {
			isa = PBXNativeTarget;
			buildConfigurationList = BB705EB022555CDB0062C52C /* Build configuration list for PBXNativeTarget "CalculatorAsPerBook" */;
			buildPhases = (
				BB705E9A22555CDB0062C52C /* Sources */,
				BB705E9B22555CDB0062C52C /* Frameworks */,
				BB705E9C22555CDB0062C52C /* Resources */,
			);
			buildRules = (
			);
			dependencies = (
			);
			name = CalculatorAsPerBook;
			productName = CalculatorAsPerBook;
			productReference = BB705E9E22555CDB0062C52C /* CalculatorAsPerBook.app */;
			productType = "com.apple.product-type.application";
		};
/* End PBXNativeTarget section */

/* Begin PBXProject section */
		BB705E9622555CDB0062C52C /* Project object */ = {
			isa = PBXProject;
			attributes = {
				LastSwiftUpdateCheck = 1000;
				LastUpgradeCheck = 1000;
				ORGANIZATIONNAME = "Deb Santa Clara";
				TargetAttributes = {
					BB705E9D22555CDB0062C52C = {
						CreatedOnToolsVersion = 10.0;
					};
				};
			};
			buildConfigurationList = BB705E9922555CDB0062C52C /* Build configuration list for PBXProject "CalculatorAsPerBook" */;
			compatibilityVersion = "Xcode 9.3";
			developmentRegion = en;
			hasScannedForEncodings = 0;
			knownRegions = (
				en,
				Base,
			);
			mainGroup = BB705E9522555CDB0062C52C;
			productRefGroup = BB705E9F22555CDB0062C52C /* Products */;
			projectDirPath = "";
			projectRoot = "";
			targets = (
				BB705E9D22555CDB0062C52C /* CalculatorAsPerBook */,
			);
		};
/* End PBXProject section */

/* Begin PBXResourcesBuildPhase section */
		BB705E9C22555CDB0062C52C /* Resources */ = {
			isa = PBXResourcesBuildPhase;
			buildActionMask = 2147483647;
			files = (
				BB705EAC22555CDB0062C52C /* LaunchScreen.storyboard in Resources */,
				BB705EA922555CDB0062C52C /* Assets.xcassets in Resources */,
				BB705EA722555CDB0062C52C /* Main.storyboard in Resources */,
			);
			runOnlyForDeploymentPostprocessing = 0;
		};
/* End PBXResourcesBuildPhase section */

/* Begin PBXSourcesBuildPhase section */
		BB705E9A22555CDB0062C52C /* Sources */ = {
			isa = PBXSourcesBuildPhase;
			buildActionMask = 2147483647;
			files = (
				BB0431132262FB06006544A7 /* Calculate.swift in Sources */,
				BB705EA422555CDB0062C52C /* ViewController.swift in Sources */,
				BB705EA222555CDB0062C52C /* AppDelegate.swift in Sources */,
			);
			runOnlyForDeploymentPostprocessing = 0;
		};
/* End PBXSourcesBuildPhase section */

/* Begin PBXVariantGroup section */
		BB705EA522555CDB0062C52C /* Main.storyboard */ = {
			isa = PBXVariantGroup;
			children = (
				BB705EA622555CDB0062C52C /* Base */,
			);
			name = Main.storyboard;
			sourceTree = "<group>";
		};
		BB705EAA22555CDB0062C52C /* LaunchScreen.storyboard */ = {
			isa = PBXVariantGroup;
			children = (
				BB705EAB22555CDB0062C52C /* Base */,
			);
			name = LaunchScreen.storyboard;
			sourceTree = "<group>";
		};
/* End PBXVariantGroup section */

/* Begin XCBuildConfiguration section */
		BB705EAE22555CDB0062C52C /* Debug */ = {
			isa = XCBuildConfiguration;
			buildSettings = {
				ALWAYS_SEARCH_USER_PATHS = NO;
				CLANG_ANALYZER_NONNULL = YES;
				CLANG_ANALYZER_NUMBER_OBJECT_CONVERSION = YES_AGGRESSIVE;
				CLANG_CXX_LANGUAGE_STANDARD = "gnu++14";
				CLANG_CXX_LIBRARY = "libc++";
				CLANG_ENABLE_MODULES = YES;
				CLANG_ENABLE_OBJC_ARC = YES;
				CLANG_ENABLE_OBJC_WEAK = YES;
				CLANG_WARN_BLOCK_CAPTURE_AUTORELEASING = YES;
				CLANG_WARN_BOOL_CONVERSION = YES;
				CLANG_WARN_COMMA = YES;
				CLANG_WARN_CONSTANT_CONVERSION = YES;
				CLANG_WARN_DEPRECATED_OBJC_IMPLEMENTATIONS = YES;
				CLANG_WARN_DIRECT_OBJC_ISA_USAGE = YES_ERROR;
				CLANG_WARN_DOCUMENTATION_COMMENTS = YES;
				CLANG_WARN_EMPTY_BODY = YES;
				CLANG_WARN_ENUM_CONVERSION = YES;
				CLANG_WARN_INFINITE_RECURSION = YES;
				CLANG_WARN_INT_CONVERSION = YES;
				CLANG_WARN_NON_LITERAL_NULL_CONVERSION = YES;
				CLANG_WARN_OBJC_IMPLICIT_RETAIN_SELF = YES;
				CLANG_WARN_OBJC_LITERAL_CONVERSION = YES;
				CLANG_WARN_OBJC_ROOT_CLASS = YES_ERROR;
				CLANG_WARN_RANGE_LOOP_ANALYSIS = YES;
				CLANG_WARN_STRICT_PROTOTYPES = YES;
				CLANG_WARN_SUSPICIOUS_MOVE = YES;
				CLANG_WARN_UNGUARDED_AVAILABILITY = YES_AGGRESSIVE;
				CLANG_WARN_UNREACHABLE_CODE = YES;
				CLANG_WARN__DUPLICATE_METHOD_MATCH = YES;
				CODE_SIGN_IDENTITY = "iPhone Developer";
				COPY_PHASE_STRIP = NO;
				DEBUG_INFORMATION_FORMAT = dwarf;
				ENABLE_STRICT_OBJC_MSGSEND = YES;
				ENABLE_TESTABILITY = YES;
				GCC_C_LANGUAGE_STANDARD = gnu11;
				GCC_DYNAMIC_NO_PIC = NO;
				GCC_NO_COMMON_BLOCKS = YES;
				GCC_OPTIMIZATION_LEVEL = 0;
				GCC_PREPROCESSOR_DEFINITIONS = (
					"DEBUG=1",
					"$(inherited)",
				);
				GCC_WARN_64_TO_32_BIT_CONVERSION = YES;
				GCC_WARN_ABOUT_RETURN_TYPE = YES_ERROR;
				GCC_WARN_UNDECLARED_SELECTOR = YES;
				GCC_WARN_UNINITIALIZED_AUTOS = YES_AGGRESSIVE;
				GCC_WARN_UNUSED_FUNCTION = YES;
				GCC_WARN_UNUSED_VARIABLE = YES;
				IPHONEOS_DEPLOYMENT_TARGET = 12.0;
				MTL_ENABLE_DEBUG_INFO = INCLUDE_SOURCE;
				MTL_FAST_MATH = YES;
				ONLY_ACTIVE_ARCH = YES;
				SDKROOT = iphoneos;
				SWIFT_ACTIVE_COMPILATION_CONDITIONS = DEBUG;
				SWIFT_OPTIMIZATION_LEVEL = "-Onone";
			};
			name = Debug;
		};
		BB705EAF22555CDB0062C52C /* Release */ = {
			isa = XCBuildConfiguration;
			buildSettings = {
				ALWAYS_SEARCH_USER_PATHS = NO;
				CLANG_ANALYZER_NONNULL = YES;
				CLANG_ANALYZER_NUMBER_OBJECT_CONVERSION = YES_AGGRESSIVE;
				CLANG_CXX_LANGUAGE_STANDARD = "gnu++14";
				CLANG_CXX_LIBRARY = "libc++";
				CLANG_ENABLE_MODULES = YES;
				CLANG_ENABLE_OBJC_ARC = YES;
				CLANG_ENABLE_OBJC_WEAK = YES;
				CLANG_WARN_BLOCK_CAPTURE_AUTORELEASING = YES;
				CLANG_WARN_BOOL_CONVERSION = YES;
				CLANG_WARN_COMMA = YES;
				CLANG_WARN_CONSTANT_CONVERSION = YES;
				CLANG_WARN_DEPRECATED_OBJC_IMPLEMENTATIONS = YES;
				CLANG_WARN_DIRECT_OBJC_ISA_USAGE = YES_ERROR;
				CLANG_WARN_DOCUMENTATION_COMMENTS = YES;
				CLANG_WARN_EMPTY_BODY = YES;
				CLANG_WARN_ENUM_CONVERSION = YES;
				CLANG_WARN_INFINITE_RECURSION = YES;
				CLANG_WARN_INT_CONVERSION = YES;
				CLANG_WARN_NON_LITERAL_NULL_CONVERSION = YES;
				CLANG_WARN_OBJC_IMPLICIT_RETAIN_SELF = YES;
				CLANG_WARN_OBJC_LITERAL_CONVERSION = YES;
				CLANG_WARN_OBJC_ROOT_CLASS = YES_ERROR;
				CLANG_WARN_RANGE_LOOP_ANALYSIS = YES;
				CLANG_WARN_STRICT_PROTOTYPES = YES;
				CLANG_WARN_SUSPICIOUS_MOVE = YES;
				CLANG_WARN_UNGUARDED_AVAILABILITY = YES_AGGRESSIVE;
				CLANG_WARN_UNREACHABLE_CODE = YES;
				CLANG_WARN__DUPLICATE_METHOD_MATCH = YES;
				CODE_SIGN_IDENTITY = "iPhone Developer";
				COPY_PHASE_STRIP = NO;
				DEBUG_INFORMATION_FORMAT = "dwarf-with-dsym";
				ENABLE_NS_ASSERTIONS = NO;
				ENABLE_STRICT_OBJC_MSGSEND = YES;
				GCC_C_LANGUAGE_STANDARD = gnu11;
				GCC_NO_COMMON_BLOCKS = YES;
				GCC_WARN_64_TO_32_BIT_CONVERSION = YES;
				GCC_WARN_ABOUT_RETURN_TYPE = YES_ERROR;
				GCC_WARN_UNDECLARED_SELECTOR = YES;
				GCC_WARN_UNINITIALIZED_AUTOS = YES_AGGRESSIVE;
				GCC_WARN_UNUSED_FUNCTION = YES;
				GCC_WARN_UNUSED_VARIABLE = YES;
				IPHONEOS_DEPLOYMENT_TARGET = 12.0;
				MTL_ENABLE_DEBUG_INFO = NO;
				MTL_FAST_MATH = YES;
				SDKROOT = iphoneos;
				SWIFT_COMPILATION_MODE = wholemodule;
				SWIFT_OPTIMIZATION_LEVEL = "-O";
				VALIDATE_PRODUCT = YES;
			};
			name = Release;
		};
		BB705EB122555CDB0062C52C /* Debug */ = {
			isa = XCBuildConfiguration;
			buildSettings = {
				ASSETCATALOG_COMPILER_APPICON_NAME = AppIcon;
				CODE_SIGN_STYLE = Automatic;
				INFOPLIST_FILE = CalculatorAsPerBook/Info.plist;
				LD_RUNPATH_SEARCH_PATHS = (
					"$(inherited)",
					"@executable_path/Frameworks",
				);
				PRODUCT_BUNDLE_IDENTIFIER = com.example.CalculatorAsPerBook;
				PRODUCT_NAME = "$(TARGET_NAME)";
				SWIFT_VERSION = 4.2;
				TARGETED_DEVICE_FAMILY = "1,2";
			};
			name = Debug;
		};
		BB705EB222555CDB0062C52C /* Release */ = {
			isa = XCBuildConfiguration;
			buildSettings = {
				ASSETCATALOG_COMPILER_APPICON_NAME = AppIcon;
				CODE_SIGN_STYLE = Automatic;
				INFOPLIST_FILE = CalculatorAsPerBook/Info.plist;
				LD_RUNPATH_SEARCH_PATHS = (
					"$(inherited)",
					"@executable_path/Frameworks",
				);
				PRODUCT_BUNDLE_IDENTIFIER = com.example.CalculatorAsPerBook;
				PRODUCT_NAME = "$(TARGET_NAME)";
				SWIFT_VERSION = 4.2;
				TARGETED_DEVICE_FAMILY = "1,2";
			};
			name = Release;
		};
/* End XCBuildConfiguration section */

/* Begin XCConfigurationList section */
		BB705E9922555CDB0062C52C /* Build configuration list for PBXProject "CalculatorAsPerBook" */ = {
			isa = XCConfigurationList;
			buildConfigurations = (
				BB705EAE22555CDB0062C52C /* Debug */,
				BB705EAF22555CDB0062C52C /* Release */,
			);
			defaultConfigurationIsVisible = 0;
			defaultConfigurationName = Release;
		};
		BB705EB022555CDB0062C52C /* Build configuration list for PBXNativeTarget "CalculatorAsPerBook" */ = {
			isa = XCConfigurationList;
			buildConfigurations = (
				BB705EB122555CDB0062C52C /* Debug */,
				BB705EB222555CDB0062C52C /* Release */,
			);
			defaultConfigurationIsVisible = 0;
			defaultConfigurationName = Release;
		};
/* End XCConfigurationList section */
	};
	rootObject = BB705E9622555CDB0062C52C /* Project object */;
}
